Microsoft Visual Studio Solution File, Format Version 12.00
# Visual Studio Version 17
VisualStudioVersion = 17.5.2.0
MinimumVisualStudioVersion = 10.0.40219.1
Project("{FAE04EC0-301F-11D3-BF4B-00C04F79EFBC}") = "AttendanceManagementSystem", "AttendanceManagementSystem\AttendanceManagementSystem.csproj", "{B985B6D3-2A9B-D412-BC4C-30306AA69817}"
EndProject
Global
	GlobalSection(SolutionConfigurationPlatforms) = preSolution
		Debug|Any CPU = Debug|Any CPU
		Release|Any CPU = Release|Any CPU
	EndGlobalSection
	GlobalSection(ProjectConfigurationPlatforms) = postSolution
		{B985B6D3-2A9B-D412-BC4C-30306AA69817}.Debug|Any CPU.ActiveCfg = Debug|Any CPU
		{B985B6D3-2A9B-D412-BC4C-30306AA69817}.Debug|Any CPU.Build.0 = Debug|Any CPU
		{B985B6D3-2A9B-D412-BC4C-30306AA69817}.Release|Any CPU.ActiveCfg = Release|Any CPU
		{B985B6D3-2A9B-D412-BC4C-30306AA69817}.Release|Any CPU.Build.0 = Release|Any CPU
	EndGlobalSection
	GlobalSection(SolutionProperties) = preSolution
		HideSolutionNode = FALSE
	EndGlobalSection
	GlobalSection(ExtensibilityGlobals) = postSolution
		SolutionGuid = {DA69FF05-B978-48C2-AFF6-CEA4D06633FC}
	EndGlobalSection
EndGlobal
